
Microsoft Visual Studio Solution File, Format Version 12.00
Project("{FAE04EC0-301F-11D3-BF4B-00C04F79EFBC}") = "UpdatePod", "UpdatePod\UpdatePod.csproj", "{078337B6-E1EE-4911-B6AE-70A9C5510021}"
EndProject
Project("{FAE04EC0-301F-11D3-BF4B-00C04F79EFBC}") = "UpdatePod.Domain", "UpdatePod.Domain\UpdatePod.Domain.csproj", "{D80C0E19-C5CD-4237-A9C9-84CF85C9C512}"
EndProject
Global
	GlobalSection(SolutionConfigurationPlatforms) = preSolution
		Debug|Any CPU = Debug|Any CPU
		Release|Any CPU = Release|Any CPU
	EndGlobalSection
	GlobalSection(ProjectConfigurationPlatforms) = postSolution
		{078337B6-E1EE-4911-B6AE-70A9C5510021}.Debug|Any CPU.ActiveCfg = Debug|Any CPU
		{078337B6-E1EE-4911-B6AE-70A9C5510021}.Debug|Any CPU.Build.0 = Debug|Any CPU
		{078337B6-E1EE-4911-B6AE-70A9C5510021}.Release|Any CPU.ActiveCfg = Release|Any CPU
		{078337B6-E1EE-4911-B6AE-70A9C5510021}.Release|Any CPU.Build.0 = Release|Any CPU
		{D80C0E19-C5CD-4237-A9C9-84CF85C9C512}.Debug|Any CPU.ActiveCfg = Debug|Any CPU
		{D80C0E19-C5CD-4237-A9C9-84CF85C9C512}.Debug|Any CPU.Build.0 = Debug|Any CPU
		{D80C0E19-C5CD-4237-A9C9-84CF85C9C512}.Release|Any CPU.ActiveCfg = Release|Any CPU
		{D80C0E19-C5CD-4237-A9C9-84CF85C9C512}.Release|Any CPU.Build.0 = Release|Any CPU
	EndGlobalSection
EndGlobal
